
Microsoft Visual Studio Solution File, Format Version 12.00
# Visual Studio 2013
VisualStudioVersion = 12.0.21005.1
MinimumVisualStudioVersion = 10.0.40219.1
Project("{FAE04EC0-301F-11D3-BF4B-00C04F79EFBC}") = "TestFTP", "TestFTP\TestFTP.csproj", "{A7E00EDC-BD13-4B30-A3F5-558D591126BA}"
EndProject
Project("{FAE04EC0-301F-11D3-BF4B-00C04F79EFBC}") = "TestWCFProxy", "..\TestWCFProxy\TestWCFProxy.csproj", "{ED5F91EE-3533-44EE-9469-D7CBD9AD8B1A}"
EndProject
Global
	GlobalSection(SolutionConfigurationPlatforms) = preSolution
		Debug|Any CPU = Debug|Any CPU
		Release|Any CPU = Release|Any CPU
	EndGlobalSection
	GlobalSection(ProjectConfigurationPlatforms) = postSolution
		{A7E00EDC-BD13-4B30-A3F5-558D591126BA}.Debug|Any CPU.ActiveCfg = Debug|Any CPU
		{A7E00EDC-BD13-4B30-A3F5-558D591126BA}.Debug|Any CPU.Build.0 = Debug|Any CPU
		{A7E00EDC-BD13-4B30-A3F5-558D591126BA}.Release|Any CPU.ActiveCfg = Release|Any CPU
		{A7E00EDC-BD13-4B30-A3F5-558D591126BA}.Release|Any CPU.Build.0 = Release|Any CPU
		{ED5F91EE-3533-44EE-9469-D7CBD9AD8B1A}.Debug|Any CPU.ActiveCfg = Debug|Any CPU
		{ED5F91EE-3533-44EE-9469-D7CBD9AD8B1A}.Debug|Any CPU.Build.0 = Debug|Any CPU
		{ED5F91EE-3533-44EE-9469-D7CBD9AD8B1A}.Release|Any CPU.ActiveCfg = Release|Any CPU
		{ED5F91EE-3533-44EE-9469-D7CBD9AD8B1A}.Release|Any CPU.Build.0 = Release|Any CPU
	EndGlobalSection
	GlobalSection(SolutionProperties) = preSolution
		HideSolutionNode = FALSE
	EndGlobalSection
EndGlobal
